// !$*UTF8*$!
{
	archiveVersion = 1;
	classes = {
	};
	objectVersion = 46;
	objects = {

/* Begin PBXBuildFile section */
		290D64081ED577D7009E81E3 /* SearchSubwayViewController.m in Sources */ = {isa = PBXBuildFile; fileRef = 290D64071ED577D7009E81E3 /* SearchSubwayViewController.m */; };
		292124B71EC47A0A00D5C526 /* main.m in Sources */ = {isa = PBXBuildFile; fileRef = 292124B61EC47A0A00D5C526 /* main.m */; };
		292124BA1EC47A0A00D5C526 /* AppDelegate.m in Sources */ = {isa = PBXBuildFile; fileRef = 292124B91EC47A0A00D5C526 /* AppDelegate.m */; };
		292124C01EC47A0A00D5C526 /* Main.storyboard in Resources */ = {isa = PBXBuildFile; fileRef = 292124BE1EC47A0A00D5C526 /* Main.storyboard */; };
		292124C31EC47A0A00D5C526 /* Project_BTM.xcdatamodeld in Sources */ = {isa = PBXBuildFile; fileRef = 292124C11EC47A0A00D5C526 /* Project_BTM.xcdatamodeld */; };
		292124C51EC47A0A00D5C526 /* Assets.xcassets in Resources */ = {isa = PBXBuildFile; fileRef = 292124C41EC47A0A00D5C526 /* Assets.xcassets */; };
		292124C81EC47A0A00D5C526 /* LaunchScreen.storyboard in Resources */ = {isa = PBXBuildFile; fileRef = 292124C61EC47A0A00D5C526 /* LaunchScreen.storyboard */; };
		292124D71EC487CB00D5C526 /* FavoritesViewController.m in Sources */ = {isa = PBXBuildFile; fileRef = 292124D61EC487CB00D5C526 /* FavoritesViewController.m */; };
		294459CB1EC55FF600883264 /* SearchBusViewController.m in Sources */ = {isa = PBXBuildFile; fileRef = 294459CA1EC55FF600883264 /* SearchBusViewController.m */; };
		29E8D4B71ECD994E001D0645 /* CityBus.m in Sources */ = {isa = PBXBuildFile; fileRef = 29E8D4B61ECD994E001D0645 /* CityBus.m */; };
/* End PBXBuildFile section */

/* Begin PBXFileReference section */
		290D64061ED577D7009E81E3 /* SearchSubwayViewController.h */ = {isa = PBXFileReference; fileEncoding = 4; lastKnownFileType = sourcecode.c.h; path = SearchSubwayViewController.h; sourceTree = "<group>"; };
		290D64071ED577D7009E81E3 /* SearchSubwayViewController.m */ = {isa = PBXFileReference; fileEncoding = 4; lastKnownFileType = sourcecode.c.objc; path = SearchSubwayViewController.m; sourceTree = "<group>"; };
		292124B21EC47A0A00D5C526 /* Project_BTM.app */ = {isa = PBXFileReference; explicitFileType = wrapper.application; includeInIndex = 0; path = Project_BTM.app; sourceTree = BUILT_PRODUCTS_DIR; };
		292124B61EC47A0A00D5C526 /* main.m */ = {isa = PBXFileReference; lastKnownFileType = sourcecode.c.objc; path = main.m; sourceTree = "<group>"; };
		292124B81EC47A0A00D5C526 /* AppDelegate.h */ = {isa = PBXFileReference; lastKnownFileType = sourcecode.c.h; path = AppDelegate.h; sourceTree = "<group>"; };
		292124B91EC47A0A00D5C526 /* AppDelegate.m */ = {isa = PBXFileReference; lastKnownFileType = sourcecode.c.objc; path = AppDelegate.m; sourceTree = "<group>"; };
		292124BF1EC47A0A00D5C526 /* Base */ = {isa = PBXFileReference; lastKnownFileType = file.storyboard; name = Base; path = Base.lproj/Main.storyboard; sourceTree = "<group>"; };
		292124C21EC47A0A00D5C526 /* Project_BTM.xcdatamodel */ = {isa = PBXFileReference; lastKnownFileType = wrapper.xcdatamodel; path = Project_BTM.xcdatamodel; sourceTree = "<group>"; };
		292124C41EC47A0A00D5C526 /* Assets.xcassets */ = {isa = PBXFileReference; lastKnownFileType = folder.assetcatalog; path = Assets.xcassets; sourceTree = "<group>"; };
		292124C71EC47A0A00D5C526 /* Base */ = {isa = PBXFileReference; lastKnownFileType = file.storyboard; name = Base; path = Base.lproj/LaunchScreen.storyboard; sourceTree = "<group>"; };
		292124C91EC47A0A00D5C526 /* Info.plist */ = {isa = PBXFileReference; lastKnownFileType = text.plist.xml; path = Info.plist; sourceTree = "<group>"; };
		292124D51EC487CB00D5C526 /* FavoritesViewController.h */ = {isa = PBXFileReference; fileEncoding = 4; lastKnownFileType = sourcecode.c.h; path = FavoritesViewController.h; sourceTree = "<group>"; };
		292124D61EC487CB00D5C526 /* FavoritesViewController.m */ = {isa = PBXFileReference; fileEncoding = 4; lastKnownFileType = sourcecode.c.objc; path = FavoritesViewController.m; sourceTree = "<group>"; };
		294459C91EC55FF600883264 /* SearchBusViewController.h */ = {isa = PBXFileReference; fileEncoding = 4; lastKnownFileType = sourcecode.c.h; path = SearchBusViewController.h; sourceTree = "<group>"; };
		294459CA1EC55FF600883264 /* SearchBusViewController.m */ = {isa = PBXFileReference; fileEncoding = 4; lastKnownFileType = sourcecode.c.objc; path = SearchBusViewController.m; sourceTree = "<group>"; };
		29E8D4B51ECD994E001D0645 /* CityBus.h */ = {isa = PBXFileReference; fileEncoding = 4; lastKnownFileType = sourcecode.c.h; path = CityBus.h; sourceTree = "<group>"; };
		29E8D4B61ECD994E001D0645 /* CityBus.m */ = {isa = PBXFileReference; fileEncoding = 4; lastKnownFileType = sourcecode.c.objc; path = CityBus.m; sourceTree = "<group>"; };
/* End PBXFileReference section */

/* Begin PBXFrameworksBuildPhase section */
		292124AF1EC47A0A00D5C526 /* Frameworks */ = {
			isa = PBXFrameworksBuildPhase;
			buildActionMask = 2147483647;
			files = (
			);
			runOnlyForDeploymentPostprocessing = 0;
		};
/* End PBXFrameworksBuildPhase section */

/* Begin PBXGroup section */
		292124A91EC47A0A00D5C526 = {
			isa = PBXGroup;
			children = (
				292124B41EC47A0A00D5C526 /* Project_BTM */,
				292124B31EC47A0A00D5C526 /* Products */,
			);
			sourceTree = "<group>";
		};
		292124B31EC47A0A00D5C526 /* Products */ = {
			isa = PBXGroup;
			children = (
				292124B21EC47A0A00D5C526 /* Project_BTM.app */,
			);
			name = Products;
			sourceTree = "<group>";
		};
		292124B41EC47A0A00D5C526 /* Project_BTM */ = {
			isa = PBXGroup;
			children = (
				292124B81EC47A0A00D5C526 /* AppDelegate.h */,
				292124B91EC47A0A00D5C526 /* AppDelegate.m */,
				292124D51EC487CB00D5C526 /* FavoritesViewController.h */,
				292124D61EC487CB00D5C526 /* FavoritesViewController.m */,
				294459C91EC55FF600883264 /* SearchBusViewController.h */,
				294459CA1EC55FF600883264 /* SearchBusViewController.m */,
				290D64061ED577D7009E81E3 /* SearchSubwayViewController.h */,
				290D64071ED577D7009E81E3 /* SearchSubwayViewController.m */,
				292124C41EC47A0A00D5C526 /* Assets.xcassets */,
				292124C61EC47A0A00D5C526 /* LaunchScreen.storyboard */,
				292124BE1EC47A0A00D5C526 /* Main.storyboard */,
				292124C91EC47A0A00D5C526 /* Info.plist */,
				292124C11EC47A0A00D5C526 /* Project_BTM.xcdatamodeld */,
				292124B51EC47A0A00D5C526 /* Supporting Files */,
			);
			path = Project_BTM;
			sourceTree = "<group>";
		};
		292124B51EC47A0A00D5C526 /* Supporting Files */ = {
			isa = PBXGroup;
			children = (
				292124B61EC47A0A00D5C526 /* main.m */,
				29E8D4B51ECD994E001D0645 /* CityBus.h */,
				29E8D4B61ECD994E001D0645 /* CityBus.m */,
			);
			name = "Supporting Files";
			sourceTree = "<group>";
		};
/* End PBXGroup section */

/* Begin PBXNativeTarget section */
		292124B11EC47A0A00D5C526 /* Project_BTM */ = {
			isa = PBXNativeTarget;
			buildConfigurationList = 292124CC1EC47A0A00D5C526 /* Build configuration list for PBXNativeTarget "Project_BTM" */;
			buildPhases = (
				292124AE1EC47A0A00D5C526 /* Sources */,
				292124AF1EC47A0A00D5C526 /* Frameworks */,
				292124B01EC47A0A00D5C526 /* Resources */,
			);
			buildRules = (
			);
			dependencies = (
			);
			name = Project_BTM;
			productName = Project_BTM;
			productReference = 292124B21EC47A0A00D5C526 /* Project_BTM.app */;
			productType = "com.apple.product-type.application";
		};
/* End PBXNativeTarget section */

/* Begin PBXProject section */
		292124AA1EC47A0A00D5C526 /* Project object */ = {
			isa = PBXProject;
			attributes = {
				LastUpgradeCheck = 0830;
				ORGANIZATIONNAME = user36;
				TargetAttributes = {
					292124B11EC47A0A00D5C526 = {
						CreatedOnToolsVersion = 8.3.1;
						DevelopmentTeam = 848UQ955TT;
						ProvisioningStyle = Automatic;
					};
				};
			};
			buildConfigurationList = 292124AD1EC47A0A00D5C526 /* Build configuration list for PBXProject "Project_BTM" */;
			compatibilityVersion = "Xcode 3.2";
			developmentRegion = English;
			hasScannedForEncodings = 0;
			knownRegions = (
				en,
				Base,
			);
			mainGroup = 292124A91EC47A0A00D5C526;
			productRefGroup = 292124B31EC47A0A00D5C526 /* Products */;
			projectDirPath = "";
			projectRoot = "";
			targets = (
				292124B11EC47A0A00D5C526 /* Project_BTM */,
			);
		};
/* End PBXProject section */

/* Begin PBXResourcesBuildPhase section */
		292124B01EC47A0A00D5C526 /* Resources */ = {
			isa = PBXResourcesBuildPhase;
			buildActionMask = 2147483647;
			files = (
				292124C81EC47A0A00D5C526 /* LaunchScreen.storyboard in Resources */,
				292124C51EC47A0A00D5C526 /* Assets.xcassets in Resources */,
				292124C01EC47A0A00D5C526 /* Main.storyboard in Resources */,
			);
			runOnlyForDeploymentPostprocessing = 0;
		};
/* End PBXResourcesBuildPhase section */

/* Begin PBXSourcesBuildPhase section */
		292124AE1EC47A0A00D5C526 /* Sources */ = {
			isa = PBXSourcesBuildPhase;
			buildActionMask = 2147483647;
			files = (
				292124D71EC487CB00D5C526 /* FavoritesViewController.m in Sources */,
				29E8D4B71ECD994E001D0645 /* CityBus.m in Sources */,
				292124C31EC47A0A00D5C526 /* Project_BTM.xcdatamodeld in Sources */,
				294459CB1EC55FF600883264 /* SearchBusViewController.m in Sources */,
				292124BA1EC47A0A00D5C526 /* AppDelegate.m in Sources */,
				290D64081ED577D7009E81E3 /* SearchSubwayViewController.m in Sources */,
				292124B71EC47A0A00D5C526 /* main.m in Sources */,
			);
			runOnlyForDeploymentPostprocessing = 0;
		};
/* End PBXSourcesBuildPhase section */

/* Begin PBXVariantGroup section */
		292124BE1EC47A0A00D5C526 /* Main.storyboard */ = {
			isa = PBXVariantGroup;
			children = (
				292124BF1EC47A0A00D5C526 /* Base */,
			);
			name = Main.storyboard;
			sourceTree = "<group>";
		};
		292124C61EC47A0A00D5C526 /* LaunchScreen.storyboard */ = {
			isa = PBXVariantGroup;
			children = (
				292124C71EC47A0A00D5C526 /* Base */,
			);
			name = LaunchScreen.storyboard;
			sourceTree = "<group>";
		};
/* End PBXVariantGroup section */

/* Begin XCBuildConfiguration section */
		292124CA1EC47A0A00D5C526 /* Debug */ = {
			isa = XCBuildConfiguration;
			buildSettings = {
				ALWAYS_SEARCH_USER_PATHS = NO;
				CLANG_ANALYZER_NONNULL = YES;
				CLANG_ANALYZER_NUMBER_OBJECT_CONVERSION = YES_AGGRESSIVE;
				CLANG_CXX_LANGUAGE_STANDARD = "gnu++0x";
				CLANG_CXX_LIBRARY = "libc++";
				CLANG_ENABLE_MODULES = YES;
				CLANG_ENABLE_OBJC_ARC = YES;
				CLANG_WARN_BOOL_CONVERSION = YES;
				CLANG_WARN_CONSTANT_CONVERSION = YES;
				CLANG_WARN_DIRECT_OBJC_ISA_USAGE = YES_ERROR;
				CLANG_WARN_DOCUMENTATION_COMMENTS = YES;
				CLANG_WARN_EMPTY_BODY = YES;
				CLANG_WARN_ENUM_CONVERSION = YES;
				CLANG_WARN_INFINITE_RECURSION = YES;
				CLANG_WARN_INT_CONVERSION = YES;
				CLANG_WARN_OBJC_ROOT_CLASS = YES_ERROR;
				CLANG_WARN_SUSPICIOUS_MOVE = YES;
				CLANG_WARN_UNREACHABLE_CODE = YES;
				CLANG_WARN__DUPLICATE_METHOD_MATCH = YES;
				"CODE_SIGN_IDENTITY[sdk=iphoneos*]" = "iPhone Developer";
				COPY_PHASE_STRIP = NO;
				DEBUG_INFORMATION_FORMAT = dwarf;
				ENABLE_STRICT_OBJC_MSGSEND = YES;
				ENABLE_TESTABILITY = YES;
				GCC_C_LANGUAGE_STANDARD = gnu99;
				GCC_DYNAMIC_NO_PIC = NO;
				GCC_NO_COMMON_BLOCKS = YES;
				GCC_OPTIMIZATION_LEVEL = 0;
				GCC_PREPROCESSOR_DEFINITIONS = (
					"DEBUG=1",
					"$(inherited)",
				);
				GCC_WARN_64_TO_32_BIT_CONVERSION = YES;
				GCC_WARN_ABOUT_RETURN_TYPE = YES_ERROR;
				GCC_WARN_UNDECLARED_SELECTOR = YES;
				GCC_WARN_UNINITIALIZED_AUTOS = YES_AGGRESSIVE;
				GCC_WARN_UNUSED_FUNCTION = YES;
				GCC_WARN_UNUSED_VARIABLE = YES;
				IPHONEOS_DEPLOYMENT_TARGET = 10.3;
				MTL_ENABLE_DEBUG_INFO = YES;
				ONLY_ACTIVE_ARCH = YES;
				SDKROOT = iphoneos;
				TARGETED_DEVICE_FAMILY = "1,2";
			};
			name = Debug;
		};
		292124CB1EC47A0A00D5C526 /* Release */ = {
			isa = XCBuildConfiguration;
			buildSettings = {
				ALWAYS_SEARCH_USER_PATHS = NO;
				CLANG_ANALYZER_NONNULL = YES;
				CLANG_ANALYZER_NUMBER_OBJECT_CONVERSION = YES_AGGRESSIVE;
				CLANG_CXX_LANGUAGE_STANDARD = "gnu++0x";
				CLANG_CXX_LIBRARY = "libc++";
				CLANG_ENABLE_MODULES = YES;
				CLANG_ENABLE_OBJC_ARC = YES;
				CLANG_WARN_BOOL_CONVERSION = YES;
				CLANG_WARN_CONSTANT_CONVERSION = YES;
				CLANG_WARN_DIRECT_OBJC_ISA_USAGE = YES_ERROR;
				CLANG_WARN_DOCUMENTATION_COMMENTS = YES;
				CLANG_WARN_EMPTY_BODY = YES;
				CLANG_WARN_ENUM_CONVERSION = YES;
				CLANG_WARN_INFINITE_RECURSION = YES;
				CLANG_WARN_INT_CONVERSION = YES;
				CLANG_WARN_OBJC_ROOT_CLASS = YES_ERROR;
				CLANG_WARN_SUSPICIOUS_MOVE = YES;
				CLANG_WARN_UNREACHABLE_CODE = YES;
				CLANG_WARN__DUPLICATE_METHOD_MATCH = YES;
				"CODE_SIGN_IDENTITY[sdk=iphoneos*]" = "iPhone Developer";
				COPY_PHASE_STRIP = NO;
				DEBUG_INFORMATION_FORMAT = "dwarf-with-dsym";
				ENABLE_NS_ASSERTIONS = NO;
				ENABLE_STRICT_OBJC_MSGSEND = YES;
				GCC_C_LANGUAGE_STANDARD = gnu99;
				GCC_NO_COMMON_BLOCKS = YES;
				GCC_WARN_64_TO_32_BIT_CONVERSION = YES;
				GCC_WARN_ABOUT_RETURN_TYPE = YES_ERROR;
				GCC_WARN_UNDECLARED_SELECTOR = YES;
				GCC_WARN_UNINITIALIZED_AUTOS = YES_AGGRESSIVE;
				GCC_WARN_UNUSED_FUNCTION = YES;
				GCC_WARN_UNUSED_VARIABLE = YES;
				IPHONEOS_DEPLOYMENT_TARGET = 10.3;
				MTL_ENABLE_DEBUG_INFO = NO;
				SDKROOT = iphoneos;
				TARGETED_DEVICE_FAMILY = "1,2";
				VALIDATE_PRODUCT = YES;
			};
			name = Release;
		};
		292124CD1EC47A0A00D5C526 /* Debug */ = {
			isa = XCBuildConfiguration;
			buildSettings = {
				ASSETCATALOG_COMPILER_APPICON_NAME = AppIcon;
				DEVELOPMENT_TEAM = 848UQ955TT;
				INFOPLIST_FILE = Project_BTM/Info.plist;
				IPHONEOS_DEPLOYMENT_TARGET = 9.0;
				LD_RUNPATH_SEARCH_PATHS = "$(inherited) @executable_path/Frameworks";
				PRODUCT_BUNDLE_IDENTIFIER = "org.iiiedu.Project-BTM";
				PRODUCT_NAME = "$(TARGET_NAME)";
				TARGETED_DEVICE_FAMILY = 1;
			};
			name = Debug;
		};
		292124CE1EC47A0A00D5C526 /* Release */ = {
			isa = XCBuildConfiguration;
			buildSettings = {
				ASSETCATALOG_COMPILER_APPICON_NAME = AppIcon;
				DEVELOPMENT_TEAM = 848UQ955TT;
				INFOPLIST_FILE = Project_BTM/Info.plist;
				IPHONEOS_DEPLOYMENT_TARGET = 9.0;
				LD_RUNPATH_SEARCH_PATHS = "$(inherited) @executable_path/Frameworks";
				PRODUCT_BUNDLE_IDENTIFIER = "org.iiiedu.Project-BTM";
				PRODUCT_NAME = "$(TARGET_NAME)";
				TARGETED_DEVICE_FAMILY = 1;
			};
			name = Release;
		};
/* End XCBuildConfiguration section */

/* Begin XCConfigurationList section */
		292124AD1EC47A0A00D5C526 /* Build configuration list for PBXProject "Project_BTM" */ = {
			isa = XCConfigurationList;
			buildConfigurations = (
				292124CA1EC47A0A00D5C526 /* Debug */,
				292124CB1EC47A0A00D5C526 /* Release */,
			);
			defaultConfigurationIsVisible = 0;
			defaultConfigurationName = Release;
		};
		292124CC1EC47A0A00D5C526 /* Build configuration list for PBXNativeTarget "Project_BTM" */ = {
			isa = XCConfigurationList;
			buildConfigurations = (
				292124CD1EC47A0A00D5C526 /* Debug */,
				292124CE1EC47A0A00D5C526 /* Release */,
			);
			defaultConfigurationIsVisible = 0;
			defaultConfigurationName = Release;
		};
/* End XCConfigurationList section */

/* Begin XCVersionGroup section */
		292124C11EC47A0A00D5C526 /* Project_BTM.xcdatamodeld */ = {
			isa = XCVersionGroup;
			children = (
				292124C21EC47A0A00D5C526 /* Project_BTM.xcdatamodel */,
			);
			currentVersion = 292124C21EC47A0A00D5C526 /* Project_BTM.xcdatamodel */;
			path = Project_BTM.xcdatamodeld;
			sourceTree = "<group>";
			versionGroupType = wrapper.xcdatamodel;
		};
/* End XCVersionGroup section */
	};
	rootObject = 292124AA1EC47A0A00D5C526 /* Project object */;
}
